
Microsoft Visual Studio Solution File, Format Version 12.00
# Visual Studio Version 16
VisualStudioVersion = 16.0.29920.165
MinimumVisualStudioVersion = 10.0.40219.1
Project("{FAE04EC0-301F-11D3-BF4B-00C04F79EFBC}") = "Testes-Gerais", "Testes-Gerais\Testes-Gerais.csproj", "{3E6D40F5-8CF9-4A94-906D-431F76913E2B}"
EndProject
Global
	GlobalSection(SolutionConfigurationPlatforms) = preSolution
		Debug|Any CPU = Debug|Any CPU
		Release|Any CPU = Release|Any CPU
	EndGlobalSection
	GlobalSection(ProjectConfigurationPlatforms) = postSolution
		{3E6D40F5-8CF9-4A94-906D-431F76913E2B}.Debug|Any CPU.ActiveCfg = Debug|Any CPU
		{3E6D40F5-8CF9-4A94-906D-431F76913E2B}.Debug|Any CPU.Build.0 = Debug|Any CPU
		{3E6D40F5-8CF9-4A94-906D-431F76913E2B}.Release|Any CPU.ActiveCfg = Release|Any CPU
		{3E6D40F5-8CF9-4A94-906D-431F76913E2B}.Release|Any CPU.Build.0 = Release|Any CPU
	EndGlobalSection
	GlobalSection(SolutionProperties) = preSolution
		HideSolutionNode = FALSE
	EndGlobalSection
	GlobalSection(ExtensibilityGlobals) = postSolution
		SolutionGuid = {52DE6C64-8F71-44F7-9A32-650C7C75950F}
	EndGlobalSection
EndGlobal
